
Microsoft Visual Studio Solution File, Format Version 12.00
# Visual Studio 15
VisualStudioVersion = 15.0.28307.1738
MinimumVisualStudioVersion = 10.0.40219.1
Project("{FAE04EC0-301F-11D3-BF4B-00C04F79EFBC}") = "testAll", "testAll\testAll.csproj", "{184BDE11-18FB-44E8-81A3-BD7A388B2972}"
EndProject
Project("{FAE04EC0-301F-11D3-BF4B-00C04F79EFBC}") = "NPRListener", "winformTestAll\NPRListener.csproj", "{D9B0CC34-8685-4056-89E6-34E49C6F9157}"
EndProject
Global
	GlobalSection(SolutionConfigurationPlatforms) = preSolution
		Debug|Any CPU = Debug|Any CPU
		Release|Any CPU = Release|Any CPU
	EndGlobalSection
	GlobalSection(ProjectConfigurationPlatforms) = postSolution
		{184BDE11-18FB-44E8-81A3-BD7A388B2972}.Debug|Any CPU.ActiveCfg = Debug|Any CPU
		{184BDE11-18FB-44E8-81A3-BD7A388B2972}.Debug|Any CPU.Build.0 = Debug|Any CPU
		{184BDE11-18FB-44E8-81A3-BD7A388B2972}.Release|Any CPU.ActiveCfg = Release|Any CPU
		{184BDE11-18FB-44E8-81A3-BD7A388B2972}.Release|Any CPU.Build.0 = Release|Any CPU
		{D9B0CC34-8685-4056-89E6-34E49C6F9157}.Debug|Any CPU.ActiveCfg = Debug|Any CPU
		{D9B0CC34-8685-4056-89E6-34E49C6F9157}.Debug|Any CPU.Build.0 = Debug|Any CPU
		{D9B0CC34-8685-4056-89E6-34E49C6F9157}.Release|Any CPU.ActiveCfg = Release|Any CPU
		{D9B0CC34-8685-4056-89E6-34E49C6F9157}.Release|Any CPU.Build.0 = Release|Any CPU
	EndGlobalSection
	GlobalSection(SolutionProperties) = preSolution
		HideSolutionNode = FALSE
	EndGlobalSection
	GlobalSection(ExtensibilityGlobals) = postSolution
		SolutionGuid = {A70E4291-B375-4F66-B459-24D9A4F741F2}
	EndGlobalSection
EndGlobal
